{
  "name": "clase-1",
  "version": "1.0.0",
  "lockfileVersion": 2,
  "requires": true,
  "packages": {
    "": {
      "name": "clase-1",
      "version": "1.0.0",
      "license": "ISC",
      "dependencies": {
        "data-structures-again": "^3.3.0",
        "underscore": "^1.13.6"
      }
    },
    "node_modules/data-structures-again": {
      "version": "3.3.0",
      "resolved": "https://registry.npmjs.org/data-structures-again/-/data-structures-again-3.3.0.tgz",
      "integrity": "sha512-Sfy5fRlGci+lty4V5FdDZi2nt/vZEd751mfSQsitCDRReDMM7NvzcKYthVqLwE+wPJN/JbZw6yRnYb/gQeru8A=="
    },
    "node_modules/underscore": {
      "version": "1.13.6",
      "resolved": "https://registry.npmjs.org/underscore/-/underscore-1.13.6.tgz",
      "integrity": "sha512-+A5Sja4HP1M08MaXya7p5LvjuM7K6q/2EaC0+iovj/wOcMsTzMvDFbasi/oSapiwOlt252IqsKqPjCl7huKS0A=="
    }
  },
  "dependencies": {
    "data-structures-again": {
      "version": "3.3.0",
      "resolved": "https://registry.npmjs.org/data-structures-again/-/data-structures-again-3.3.0.tgz",
      "integrity": "sha512-Sfy5fRlGci+lty4V5FdDZi2nt/vZEd751mfSQsitCDRReDMM7NvzcKYthVqLwE+wPJN/JbZw6yRnYb/gQeru8A=="
    },
    "underscore": {
      "version": "1.13.6",
      "resolved": "https://registry.npmjs.org/underscore/-/underscore-1.13.6.tgz",
      "integrity": "sha512-+A5Sja4HP1M08MaXya7p5LvjuM7K6q/2EaC0+iovj/wOcMsTzMvDFbasi/oSapiwOlt252IqsKqPjCl7huKS0A=="
    }
  }
}
